
Microsoft Visual Studio Solution File, Format Version 12.00
# Visual Studio Version 17
VisualStudioVersion = 17.10.35122.118
MinimumVisualStudioVersion = 10.0.40219.1
Project("{FAE04EC0-301F-11D3-BF4B-00C04F79EFBC}") = "PersonelOtomasyon", "PersonelOtomasyon\PersonelOtomasyon.csproj", "{AACDEE72-6F20-4C1C-98F1-FED567167203}"
EndProject
Global
	GlobalSection(SolutionConfigurationPlatforms) = preSolution
		Debug|Any CPU = Debug|Any CPU
		Release|Any CPU = Release|Any CPU
	EndGlobalSection
	GlobalSection(ProjectConfigurationPlatforms) = postSolution
		{AACDEE72-6F20-4C1C-98F1-FED567167203}.Debug|Any CPU.ActiveCfg = Debug|Any CPU
		{AACDEE72-6F20-4C1C-98F1-FED567167203}.Debug|Any CPU.Build.0 = Debug|Any CPU
		{AACDEE72-6F20-4C1C-98F1-FED567167203}.Release|Any CPU.ActiveCfg = Release|Any CPU
		{AACDEE72-6F20-4C1C-98F1-FED567167203}.Release|Any CPU.Build.0 = Release|Any CPU
	EndGlobalSection
	GlobalSection(SolutionProperties) = preSolution
		HideSolutionNode = FALSE
	EndGlobalSection
	GlobalSection(ExtensibilityGlobals) = postSolution
		SolutionGuid = {B59DC140-5FBD-40A0-B6EC-62289777A9E1}
	EndGlobalSection
EndGlobal
